
Microsoft Visual Studio Solution File, Format Version 12.00
# Visual Studio Version 17
VisualStudioVersion = 17.14.36327.8 d17.14
MinimumVisualStudioVersion = 10.0.40219.1
Project("{FAE04EC0-301F-11D3-BF4B-00C04F79EFBC}") = "PROG7312_Part1_POE_ST10318273", "PROG7312_Part1_POE_ST10318273\PROG7312_Part1_POE_ST10318273.csproj", "{B4CF6600-F956-4DBF-B382-75D95E8D54CD}"
EndProject
Global
	GlobalSection(SolutionConfigurationPlatforms) = preSolution
		Debug|Any CPU = Debug|Any CPU
		Release|Any CPU = Release|Any CPU
	EndGlobalSection
	GlobalSection(ProjectConfigurationPlatforms) = postSolution
		{B4CF6600-F956-4DBF-B382-75D95E8D54CD}.Debug|Any CPU.ActiveCfg = Debug|Any CPU
		{B4CF6600-F956-4DBF-B382-75D95E8D54CD}.Debug|Any CPU.Build.0 = Debug|Any CPU
		{B4CF6600-F956-4DBF-B382-75D95E8D54CD}.Release|Any CPU.ActiveCfg = Release|Any CPU
		{B4CF6600-F956-4DBF-B382-75D95E8D54CD}.Release|Any CPU.Build.0 = Release|Any CPU
	EndGlobalSection
	GlobalSection(SolutionProperties) = preSolution
		HideSolutionNode = FALSE
	EndGlobalSection
	GlobalSection(ExtensibilityGlobals) = postSolution
		SolutionGuid = {8CF132E9-70B3-4D7A-B1E5-5B3013035A5E}
	EndGlobalSection
EndGlobal
